<?xml version="1.0" encoding="utf-8"?>
<Project ToolsVersion="4.0" xmlns="http://schemas.microsoft.com/developer/msbuild/2003">
  <ItemGroup>
    <Filter Include="Source Files">
      <UniqueIdentifier>{4FC737F1-C7A5-4376-A066-2A32D752A2FF}</UniqueIdentifier>
      <Extensions>cpp;c;cc;cxx;def;odl;idl;hpj;bat;asm;asmx</Extensions>
    </Filter>
    <Filter Include="Header Files">
      <UniqueIdentifier>{93995380-89BD-4b04-88EB-625FBE52EBFB}</UniqueIdentifier>
      <Extensions>h;hh;hpp;hxx;hm;inl;inc;xsd</Extensions>
    </Filter>
    <Filter Include="Runtime Files">
      <UniqueIdentifier>{67DA6AB6-F800-4c08-8B7A-83BB121AAD01}</UniqueIdentifier>
      <Extensions>rc;ico;cur;bmp;dlg;rc2;rct;bin;rgs;gif;jpg;jpeg;jpe;resx;tiff;tif;png;wav;mfcribbon-ms</Extensions>
    </Filter>
    <Filter Include="Shaders">
      <UniqueIdentifier>{bb506adb-455d-4763-8db3-c16785e5136d}</UniqueIdentifier>
    </Filter>
    <Filter Include="SMAA">
      <UniqueIdentifier>{8c400b89-0f83-4b59-9934-df0372183bfc}</UniqueIdentifier>
    </Filter>
    <Filter Include="Shaders\SMAA">
      <UniqueIdentifier>{fc5db536-a44b-4076-8426-0e5cb6625e46}</UniqueIdentifier>
    </Filter>
    <Filter Include="Shaders\Shadow">
      <UniqueIdentifier>{cfd76c58-ba75-4911-b622-b79ecc0d293a}</UniqueIdentifier>
    </Filter>
  </ItemGroup>
  <ItemGroup>
    <ClCompile Include="MyController.cpp">
      <Filter>Source Files</Filter>
    </ClCompile>
    <ClCompile Include="MyView.cpp">
      <Filter>Source Files</Filter>
    </ClCompile>
    <ClCompile Include="main.cpp">
      <Filter>Source Files</Filter>
    </ClCompile>
  </ItemGroup>
  <ItemGroup>
    <ClInclude Include="MyController.hpp">
      <Filter>Header Files</Filter>
    </ClInclude>
    <ClInclude Include="MyView.hpp">
      <Filter>Header Files</Filter>
    </ClInclude>
    <ClInclude Include="Textures\AreaTex.h">
      <Filter>SMAA</Filter>
    </ClInclude>
    <ClInclude Include="Textures\SearchTex.h">
      <Filter>SMAA</Filter>
    </ClInclude>
    <ClInclude Include="SMAA.h">
      <Filter>SMAA</Filter>
    </ClInclude>
    <ClInclude Include="smaa_glsl.h">
      <Filter>SMAA</Filter>
    </ClInclude>
  </ItemGroup>
  <ItemGroup>
    <None Include="..\demo\ambient_fs.glsl">
      <Filter>Shaders</Filter>
    </None>
    <None Include="..\demo\ambient_vs.glsl">
      <Filter>Shaders</Filter>
    </None>
    <None Include="..\demo\gbuffer_fs.glsl">
      <Filter>Shaders</Filter>
    </None>
    <None Include="..\demo\gbuffer_vs.glsl">
      <Filter>Shaders</Filter>
    </None>
    <None Include="..\demo\light_fs.glsl">
      <Filter>Shaders</Filter>
    </None>
    <None Include="..\demo\light_vs.glsl">
      <Filter>Shaders</Filter>
    </None>
    <None Include="..\demo\SMAA_Blend_fs.glsl">
      <Filter>Shaders\SMAA</Filter>
    </None>
    <None Include="..\demo\SMAA_Blend_vs.glsl">
      <Filter>Shaders\SMAA</Filter>
    </None>
    <None Include="..\demo\SMAA_Edge_fs.glsl">
      <Filter>Shaders\SMAA</Filter>
    </None>
    <None Include="..\demo\SMAA_Edge_vs.glsl">
      <Filter>Shaders\SMAA</Filter>
    </None>
    <None Include="..\demo\SMAA_Neighbour_fs.glsl">
      <Filter>Shaders\SMAA</Filter>
    </None>
    <None Include="..\demo\SMAA_Neighbour_vs.glsl">
      <Filter>Shaders\SMAA</Filter>
    </None>
    <None Include="..\demo\dir_fs.glsl">
      <Filter>Shaders</Filter>
    </None>
    <None Include="..\demo\dir_vs.glsl">
      <Filter>Shaders</Filter>
    </None>
    <None Include="..\demo\shadow_fs.glsl">
      <Filter>Shaders\Shadow</Filter>
    </None>
    <None Include="..\demo\shadow_Pre_fs.glsl">
      <Filter>Shaders\Shadow</Filter>
    </None>
    <None Include="..\demo\shadow_Pre_vs.glsl">
      <Filter>Shaders\Shadow</Filter>
    </None>
    <None Include="..\demo\shadow_vs.glsl">
      <Filter>Shaders\Shadow</Filter>
    </None>
  </ItemGroup>
</Project>